
Microsoft Visual Studio Solution File, Format Version 12.00
# Visual Studio Version 16
VisualStudioVersion = 16.0.29318.209
MinimumVisualStudioVersion = 10.0.40219.1
Project("{FAE04EC0-301F-11D3-BF4B-00C04F79EFBC}") = "DNDSpellBook", "DNDSpellBook\DNDSpellBook.csproj", "{30869094-1F48-45B9-917F-876547B07812}"
EndProject
Global
	GlobalSection(SolutionConfigurationPlatforms) = preSolution
		Debug|Any CPU = Debug|Any CPU
		Release|Any CPU = Release|Any CPU
	EndGlobalSection
	GlobalSection(ProjectConfigurationPlatforms) = postSolution
		{30869094-1F48-45B9-917F-876547B07812}.Debug|Any CPU.ActiveCfg = Debug|Any CPU
		{30869094-1F48-45B9-917F-876547B07812}.Debug|Any CPU.Build.0 = Debug|Any CPU
		{30869094-1F48-45B9-917F-876547B07812}.Release|Any CPU.ActiveCfg = Release|Any CPU
		{30869094-1F48-45B9-917F-876547B07812}.Release|Any CPU.Build.0 = Release|Any CPU
	EndGlobalSection
	GlobalSection(SolutionProperties) = preSolution
		HideSolutionNode = FALSE
	EndGlobalSection
	GlobalSection(ExtensibilityGlobals) = postSolution
		SolutionGuid = {BF9315E0-8B6D-4626-B33A-665284E2389E}
	EndGlobalSection
EndGlobal
